// !$*UTF8*$!
{
	archiveVersion = 1;
	classes = {
	};
	objectVersion = 50;
	objects = {

/* Begin PBXBuildFile section */
		4ADD35B226249CAD0046AF66 /* AppDelegate.swift in Sources */ = {isa = PBXBuildFile; fileRef = 4ADD35B126249CAD0046AF66 /* AppDelegate.swift */; };
		4ADD35B426249CAD0046AF66 /* SceneDelegate.swift in Sources */ = {isa = PBXBuildFile; fileRef = 4ADD35B326249CAD0046AF66 /* SceneDelegate.swift */; };
		4ADD35B626249CAD0046AF66 /* ViewController.swift in Sources */ = {isa = PBXBuildFile; fileRef = 4ADD35B526249CAD0046AF66 /* ViewController.swift */; };
		4ADD35B926249CAD0046AF66 /* Main.storyboard in Resources */ = {isa = PBXBuildFile; fileRef = 4ADD35B726249CAD0046AF66 /* Main.storyboard */; };
		4ADD35BB26249CAF0046AF66 /* Assets.xcassets in Resources */ = {isa = PBXBuildFile; fileRef = 4ADD35BA26249CAF0046AF66 /* Assets.xcassets */; };
		4ADD35BE26249CAF0046AF66 /* LaunchScreen.storyboard in Resources */ = {isa = PBXBuildFile; fileRef = 4ADD35BC26249CAF0046AF66 /* LaunchScreen.storyboard */; };
		4ADD35CE2624A2180046AF66 /* CardCell.swift in Sources */ = {isa = PBXBuildFile; fileRef = 4ADD35CD2624A2180046AF66 /* CardCell.swift */; };
/* End PBXBuildFile section */

/* Begin PBXFileReference section */
		4ADD35AE26249CAD0046AF66 /* Challenge 10.app */ = {isa = PBXFileReference; explicitFileType = wrapper.application; includeInIndex = 0; path = "Challenge 10.app"; sourceTree = BUILT_PRODUCTS_DIR; };
		4ADD35B126249CAD0046AF66 /* AppDelegate.swift */ = {isa = PBXFileReference; lastKnownFileType = sourcecode.swift; path = AppDelegate.swift; sourceTree = "<group>"; };
		4ADD35B326249CAD0046AF66 /* SceneDelegate.swift */ = {isa = PBXFileReference; lastKnownFileType = sourcecode.swift; path = SceneDelegate.swift; sourceTree = "<group>"; };
		4ADD35B526249CAD0046AF66 /* ViewController.swift */ = {isa = PBXFileReference; lastKnownFileType = sourcecode.swift; path = ViewController.swift; sourceTree = "<group>"; };
		4ADD35B826249CAD0046AF66 /* Base */ = {isa = PBXFileReference; lastKnownFileType = file.storyboard; name = Base; path = Base.lproj/Main.storyboard; sourceTree = "<group>"; };
		4ADD35BA26249CAF0046AF66 /* Assets.xcassets */ = {isa = PBXFileReference; lastKnownFileType = folder.assetcatalog; path = Assets.xcassets; sourceTree = "<group>"; };
		4ADD35BD26249CAF0046AF66 /* Base */ = {isa = PBXFileReference; lastKnownFileType = file.storyboard; name = Base; path = Base.lproj/LaunchScreen.storyboard; sourceTree = "<group>"; };
		4ADD35BF26249CAF0046AF66 /* Info.plist */ = {isa = PBXFileReference; lastKnownFileType = text.plist.xml; path = Info.plist; sourceTree = "<group>"; };
		4ADD35CD2624A2180046AF66 /* CardCell.swift */ = {isa = PBXFileReference; lastKnownFileType = sourcecode.swift; path = CardCell.swift; sourceTree = "<group>"; };
/* End PBXFileReference section */

/* Begin PBXFrameworksBuildPhase section */
		4ADD35AB26249CAD0046AF66 /* Frameworks */ = {
			isa = PBXFrameworksBuildPhase;
			buildActionMask = 2147483647;
			files = (
			);
			runOnlyForDeploymentPostprocessing = 0;
		};
/* End PBXFrameworksBuildPhase section */

/* Begin PBXGroup section */
		4ADD35A526249CAD0046AF66 = {
			isa = PBXGroup;
			children = (
				4ADD35B026249CAD0046AF66 /* Challenge 10 */,
				4ADD35AF26249CAD0046AF66 /* Products */,
			);
			sourceTree = "<group>";
		};
		4ADD35AF26249CAD0046AF66 /* Products */ = {
			isa = PBXGroup;
			children = (
				4ADD35AE26249CAD0046AF66 /* Challenge 10.app */,
			);
			name = Products;
			sourceTree = "<group>";
		};
		4ADD35B026249CAD0046AF66 /* Challenge 10 */ = {
			isa = PBXGroup;
			children = (
				4ADD35B126249CAD0046AF66 /* AppDelegate.swift */,
				4ADD35B326249CAD0046AF66 /* SceneDelegate.swift */,
				4ADD35B526249CAD0046AF66 /* ViewController.swift */,
				4ADD35B726249CAD0046AF66 /* Main.storyboard */,
				4ADD35CD2624A2180046AF66 /* CardCell.swift */,
				4ADD35BA26249CAF0046AF66 /* Assets.xcassets */,
				4ADD35BC26249CAF0046AF66 /* LaunchScreen.storyboard */,
				4ADD35BF26249CAF0046AF66 /* Info.plist */,
			);
			path = "Challenge 10";
			sourceTree = "<group>";
		};
/* End PBXGroup section */

/* Begin PBXNativeTarget section */
		4ADD35AD26249CAD0046AF66 /* Challenge 10 */ = {
			isa = PBXNativeTarget;
			buildConfigurationList = 4ADD35C226249CAF0046AF66 /* Build configuration list for PBXNativeTarget "Challenge 10" */;
			buildPhases = (
				4ADD35AA26249CAD0046AF66 /* Sources */,
				4ADD35AB26249CAD0046AF66 /* Frameworks */,
				4ADD35AC26249CAD0046AF66 /* Resources */,
			);
			buildRules = (
			);
			dependencies = (
			);
			name = "Challenge 10";
			productName = "Challenge 10";
			productReference = 4ADD35AE26249CAD0046AF66 /* Challenge 10.app */;
			productType = "com.apple.product-type.application";
		};
/* End PBXNativeTarget section */

/* Begin PBXProject section */
		4ADD35A626249CAD0046AF66 /* Project object */ = {
			isa = PBXProject;
			attributes = {
				LastSwiftUpdateCheck = 1240;
				LastUpgradeCheck = 1240;
				TargetAttributes = {
					4ADD35AD26249CAD0046AF66 = {
						CreatedOnToolsVersion = 12.4;
					};
				};
			};
			buildConfigurationList = 4ADD35A926249CAD0046AF66 /* Build configuration list for PBXProject "Challenge 10" */;
			compatibilityVersion = "Xcode 9.3";
			developmentRegion = en;
			hasScannedForEncodings = 0;
			knownRegions = (
				en,
				Base,
			);
			mainGroup = 4ADD35A526249CAD0046AF66;
			productRefGroup = 4ADD35AF26249CAD0046AF66 /* Products */;
			projectDirPath = "";
			projectRoot = "";
			targets = (
				4ADD35AD26249CAD0046AF66 /* Challenge 10 */,
			);
		};
/* End PBXProject section */

/* Begin PBXResourcesBuildPhase section */
		4ADD35AC26249CAD0046AF66 /* Resources */ = {
			isa = PBXResourcesBuildPhase;
			buildActionMask = 2147483647;
			files = (
				4ADD35BE26249CAF0046AF66 /* LaunchScreen.storyboard in Resources */,
				4ADD35BB26249CAF0046AF66 /* Assets.xcassets in Resources */,
				4ADD35B926249CAD0046AF66 /* Main.storyboard in Resources */,
			);
			runOnlyForDeploymentPostprocessing = 0;
		};
/* End PBXResourcesBuildPhase section */

/* Begin PBXSourcesBuildPhase section */
		4ADD35AA26249CAD0046AF66 /* Sources */ = {
			isa = PBXSourcesBuildPhase;
			buildActionMask = 2147483647;
			files = (
				4ADD35B626249CAD0046AF66 /* ViewController.swift in Sources */,
				4ADD35B226249CAD0046AF66 /* AppDelegate.swift in Sources */,
				4ADD35B426249CAD0046AF66 /* SceneDelegate.swift in Sources */,
				4ADD35CE2624A2180046AF66 /* CardCell.swift in Sources */,
			);
			runOnlyForDeploymentPostprocessing = 0;
		};
/* End PBXSourcesBuildPhase section */

/* Begin PBXVariantGroup section */
		4ADD35B726249CAD0046AF66 /* Main.storyboard */ = {
			isa = PBXVariantGroup;
			children = (
				4ADD35B826249CAD0046AF66 /* Base */,
			);
			name = Main.storyboard;
			sourceTree = "<group>";
		};
		4ADD35BC26249CAF0046AF66 /* LaunchScreen.storyboard */ = {
			isa = PBXVariantGroup;
			children = (
				4ADD35BD26249CAF0046AF66 /* Base */,
			);
			name = LaunchScreen.storyboard;
			sourceTree = "<group>";
		};
/* End PBXVariantGroup section */

/* Begin XCBuildConfiguration section */
		4ADD35C026249CAF0046AF66 /* Debug */ = {
			isa = XCBuildConfiguration;
			buildSettings = {
				ALWAYS_SEARCH_USER_PATHS = NO;
				CLANG_ANALYZER_NONNULL = YES;
				CLANG_ANALYZER_NUMBER_OBJECT_CONVERSION = YES_AGGRESSIVE;
				CLANG_CXX_LANGUAGE_STANDARD = "gnu++14";
				CLANG_CXX_LIBRARY = "libc++";
				CLANG_ENABLE_MODULES = YES;
				CLANG_ENABLE_OBJC_ARC = YES;
				CLANG_ENABLE_OBJC_WEAK = YES;
				CLANG_WARN_BLOCK_CAPTURE_AUTORELEASING = YES;
				CLANG_WARN_BOOL_CONVERSION = YES;
				CLANG_WARN_COMMA = YES;
				CLANG_WARN_CONSTANT_CONVERSION = YES;
				CLANG_WARN_DEPRECATED_OBJC_IMPLEMENTATIONS = YES;
				CLANG_WARN_DIRECT_OBJC_ISA_USAGE = YES_ERROR;
				CLANG_WARN_DOCUMENTATION_COMMENTS = YES;
				CLANG_WARN_EMPTY_BODY = YES;
				CLANG_WARN_ENUM_CONVERSION = YES;
				CLANG_WARN_INFINITE_RECURSION = YES;
				CLANG_WARN_INT_CONVERSION = YES;
				CLANG_WARN_NON_LITERAL_NULL_CONVERSION = YES;
				CLANG_WARN_OBJC_IMPLICIT_RETAIN_SELF = YES;
				CLANG_WARN_OBJC_LITERAL_CONVERSION = YES;
				CLANG_WARN_OBJC_ROOT_CLASS = YES_ERROR;
				CLANG_WARN_QUOTED_INCLUDE_IN_FRAMEWORK_HEADER = YES;
				CLANG_WARN_RANGE_LOOP_ANALYSIS = YES;
				CLANG_WARN_STRICT_PROTOTYPES = YES;
				CLANG_WARN_SUSPICIOUS_MOVE = YES;
				CLANG_WARN_UNGUARDED_AVAILABILITY = YES_AGGRESSIVE;
				CLANG_WARN_UNREACHABLE_CODE = YES;
				CLANG_WARN__DUPLICATE_METHOD_MATCH = YES;
				COPY_PHASE_STRIP = NO;
				DEBUG_INFORMATION_FORMAT = dwarf;
				ENABLE_STRICT_OBJC_MSGSEND = YES;
				ENABLE_TESTABILITY = YES;
				GCC_C_LANGUAGE_STANDARD = gnu11;
				GCC_DYNAMIC_NO_PIC = NO;
				GCC_NO_COMMON_BLOCKS = YES;
				GCC_OPTIMIZATION_LEVEL = 0;
				GCC_PREPROCESSOR_DEFINITIONS = (
					"DEBUG=1",
					"$(inherited)",
				);
				GCC_WARN_64_TO_32_BIT_CONVERSION = YES;
				GCC_WARN_ABOUT_RETURN_TYPE = YES_ERROR;
				GCC_WARN_UNDECLARED_SELECTOR = YES;
				GCC_WARN_UNINITIALIZED_AUTOS = YES_AGGRESSIVE;
				GCC_WARN_UNUSED_FUNCTION = YES;
				GCC_WARN_UNUSED_VARIABLE = YES;
				IPHONEOS_DEPLOYMENT_TARGET = 14.4;
				MTL_ENABLE_DEBUG_INFO = INCLUDE_SOURCE;
				MTL_FAST_MATH = YES;
				ONLY_ACTIVE_ARCH = YES;
				SDKROOT = iphoneos;
				SWIFT_ACTIVE_COMPILATION_CONDITIONS = DEBUG;
				SWIFT_OPTIMIZATION_LEVEL = "-Onone";
			};
			name = Debug;
		};
		4ADD35C126249CAF0046AF66 /* Release */ = {
			isa = XCBuildConfiguration;
			buildSettings = {
				ALWAYS_SEARCH_USER_PATHS = NO;
				CLANG_ANALYZER_NONNULL = YES;
				CLANG_ANALYZER_NUMBER_OBJECT_CONVERSION = YES_AGGRESSIVE;
				CLANG_CXX_LANGUAGE_STANDARD = "gnu++14";
				CLANG_CXX_LIBRARY = "libc++";
				CLANG_ENABLE_MODULES = YES;
				CLANG_ENABLE_OBJC_ARC = YES;
				CLANG_ENABLE_OBJC_WEAK = YES;
				CLANG_WARN_BLOCK_CAPTURE_AUTORELEASING = YES;
				CLANG_WARN_BOOL_CONVERSION = YES;
				CLANG_WARN_COMMA = YES;
				CLANG_WARN_CONSTANT_CONVERSION = YES;
				CLANG_WARN_DEPRECATED_OBJC_IMPLEMENTATIONS = YES;
				CLANG_WARN_DIRECT_OBJC_ISA_USAGE = YES_ERROR;
				CLANG_WARN_DOCUMENTATION_COMMENTS = YES;
				CLANG_WARN_EMPTY_BODY = YES;
				CLANG_WARN_ENUM_CONVERSION = YES;
				CLANG_WARN_INFINITE_RECURSION = YES;
				CLANG_WARN_INT_CONVERSION = YES;
				CLANG_WARN_NON_LITERAL_NULL_CONVERSION = YES;
				CLANG_WARN_OBJC_IMPLICIT_RETAIN_SELF = YES;
				CLANG_WARN_OBJC_LITERAL_CONVERSION = YES;
				CLANG_WARN_OBJC_ROOT_CLASS = YES_ERROR;
				CLANG_WARN_QUOTED_INCLUDE_IN_FRAMEWORK_HEADER = YES;
				CLANG_WARN_RANGE_LOOP_ANALYSIS = YES;
				CLANG_WARN_STRICT_PROTOTYPES = YES;
				CLANG_WARN_SUSPICIOUS_MOVE = YES;
				CLANG_WARN_UNGUARDED_AVAILABILITY = YES_AGGRESSIVE;
				CLANG_WARN_UNREACHABLE_CODE = YES;
				CLANG_WARN__DUPLICATE_METHOD_MATCH = YES;
				COPY_PHASE_STRIP = NO;
				DEBUG_INFORMATION_FORMAT = "dwarf-with-dsym";
				ENABLE_NS_ASSERTIONS = NO;
				ENABLE_STRICT_OBJC_MSGSEND = YES;
				GCC_C_LANGUAGE_STANDARD = gnu11;
				GCC_NO_COMMON_BLOCKS = YES;
				GCC_WARN_64_TO_32_BIT_CONVERSION = YES;
				GCC_WARN_ABOUT_RETURN_TYPE = YES_ERROR;
				GCC_WARN_UNDECLARED_SELECTOR = YES;
				GCC_WARN_UNINITIALIZED_AUTOS = YES_AGGRESSIVE;
				GCC_WARN_UNUSED_FUNCTION = YES;
				GCC_WARN_UNUSED_VARIABLE = YES;
				IPHONEOS_DEPLOYMENT_TARGET = 14.4;
				MTL_ENABLE_DEBUG_INFO = NO;
				MTL_FAST_MATH = YES;
				SDKROOT = iphoneos;
				SWIFT_COMPILATION_MODE = wholemodule;
				SWIFT_OPTIMIZATION_LEVEL = "-O";
				VALIDATE_PRODUCT = YES;
			};
			name = Release;
		};
		4ADD35C326249CAF0046AF66 /* Debug */ = {
			isa = XCBuildConfiguration;
			buildSettings = {
				ASSETCATALOG_COMPILER_APPICON_NAME = AppIcon;
				ASSETCATALOG_COMPILER_GLOBAL_ACCENT_COLOR_NAME = AccentColor;
				CODE_SIGN_STYLE = Automatic;
				DEVELOPMENT_TEAM = DYGZF839P8;
				INFOPLIST_FILE = "Challenge 10/Info.plist";
				LD_RUNPATH_SEARCH_PATHS = (
					"$(inherited)",
					"@executable_path/Frameworks",
				);
				PRODUCT_BUNDLE_IDENTIFIER = "com.volodymyrkhuda.Challenge-10";
				PRODUCT_NAME = "$(TARGET_NAME)";
				SWIFT_VERSION = 5.0;
				TARGETED_DEVICE_FAMILY = 2;
			};
			name = Debug;
		};
		4ADD35C426249CAF0046AF66 /* Release */ = {
			isa = XCBuildConfiguration;
			buildSettings = {
				ASSETCATALOG_COMPILER_APPICON_NAME = AppIcon;
				ASSETCATALOG_COMPILER_GLOBAL_ACCENT_COLOR_NAME = AccentColor;
				CODE_SIGN_STYLE = Automatic;
				DEVELOPMENT_TEAM = DYGZF839P8;
				INFOPLIST_FILE = "Challenge 10/Info.plist";
				LD_RUNPATH_SEARCH_PATHS = (
					"$(inherited)",
					"@executable_path/Frameworks",
				);
				PRODUCT_BUNDLE_IDENTIFIER = "com.volodymyrkhuda.Challenge-10";
				PRODUCT_NAME = "$(TARGET_NAME)";
				SWIFT_VERSION = 5.0;
				TARGETED_DEVICE_FAMILY = 2;
			};
			name = Release;
		};
/* End XCBuildConfiguration section */

/* Begin XCConfigurationList section */
		4ADD35A926249CAD0046AF66 /* Build configuration list for PBXProject "Challenge 10" */ = {
			isa = XCConfigurationList;
			buildConfigurations = (
				4ADD35C026249CAF0046AF66 /* Debug */,
				4ADD35C126249CAF0046AF66 /* Release */,
			);
			defaultConfigurationIsVisible = 0;
			defaultConfigurationName = Release;
		};
		4ADD35C226249CAF0046AF66 /* Build configuration list for PBXNativeTarget "Challenge 10" */ = {
			isa = XCConfigurationList;
			buildConfigurations = (
				4ADD35C326249CAF0046AF66 /* Debug */,
				4ADD35C426249CAF0046AF66 /* Release */,
			);
			defaultConfigurationIsVisible = 0;
			defaultConfigurationName = Release;
		};
/* End XCConfigurationList section */
	};
	rootObject = 4ADD35A626249CAD0046AF66 /* Project object */;
}
