// !$*UTF8*$!
{
	archiveVersion = 1;
	classes = {
	};
	objectVersion = 50;
	objects = {

/* Begin PBXBuildFile section */
		4AC95DEF25D7E56C009E3B41 /* AppDelegate.swift in Sources */ = {isa = PBXBuildFile; fileRef = 4AC95DEE25D7E56C009E3B41 /* AppDelegate.swift */; };
		4AC95DF125D7E56C009E3B41 /* SceneDelegate.swift in Sources */ = {isa = PBXBuildFile; fileRef = 4AC95DF025D7E56C009E3B41 /* SceneDelegate.swift */; };
		4AC95DF325D7E56C009E3B41 /* TableViewContoller.swift in Sources */ = {isa = PBXBuildFile; fileRef = 4AC95DF225D7E56C009E3B41 /* TableViewContoller.swift */; };
		4AC95DF625D7E56C009E3B41 /* Main.storyboard in Resources */ = {isa = PBXBuildFile; fileRef = 4AC95DF425D7E56C009E3B41 /* Main.storyboard */; };
		4AC95DF825D7E570009E3B41 /* Assets.xcassets in Resources */ = {isa = PBXBuildFile; fileRef = 4AC95DF725D7E570009E3B41 /* Assets.xcassets */; };
		4AC95DFB25D7E570009E3B41 /* LaunchScreen.storyboard in Resources */ = {isa = PBXBuildFile; fileRef = 4AC95DF925D7E570009E3B41 /* LaunchScreen.storyboard */; };
		4AC95E0425D7E826009E3B41 /* Photo.swift in Sources */ = {isa = PBXBuildFile; fileRef = 4AC95E0325D7E826009E3B41 /* Photo.swift */; };
		4AC95E0825D7EDAE009E3B41 /* DetailViewController.swift in Sources */ = {isa = PBXBuildFile; fileRef = 4AC95E0725D7EDAE009E3B41 /* DetailViewController.swift */; };
/* End PBXBuildFile section */

/* Begin PBXFileReference section */
		4AC95DEB25D7E56C009E3B41 /* Challenge 4.app */ = {isa = PBXFileReference; explicitFileType = wrapper.application; includeInIndex = 0; path = "Challenge 4.app"; sourceTree = BUILT_PRODUCTS_DIR; };
		4AC95DEE25D7E56C009E3B41 /* AppDelegate.swift */ = {isa = PBXFileReference; lastKnownFileType = sourcecode.swift; path = AppDelegate.swift; sourceTree = "<group>"; };
		4AC95DF025D7E56C009E3B41 /* SceneDelegate.swift */ = {isa = PBXFileReference; lastKnownFileType = sourcecode.swift; path = SceneDelegate.swift; sourceTree = "<group>"; };
		4AC95DF225D7E56C009E3B41 /* TableViewContoller.swift */ = {isa = PBXFileReference; lastKnownFileType = sourcecode.swift; path = TableViewContoller.swift; sourceTree = "<group>"; };
		4AC95DF525D7E56C009E3B41 /* Base */ = {isa = PBXFileReference; lastKnownFileType = file.storyboard; name = Base; path = Base.lproj/Main.storyboard; sourceTree = "<group>"; };
		4AC95DF725D7E570009E3B41 /* Assets.xcassets */ = {isa = PBXFileReference; lastKnownFileType = folder.assetcatalog; path = Assets.xcassets; sourceTree = "<group>"; };
		4AC95DFA25D7E570009E3B41 /* Base */ = {isa = PBXFileReference; lastKnownFileType = file.storyboard; name = Base; path = Base.lproj/LaunchScreen.storyboard; sourceTree = "<group>"; };
		4AC95DFC25D7E570009E3B41 /* Info.plist */ = {isa = PBXFileReference; lastKnownFileType = text.plist.xml; path = Info.plist; sourceTree = "<group>"; };
		4AC95E0325D7E826009E3B41 /* Photo.swift */ = {isa = PBXFileReference; lastKnownFileType = sourcecode.swift; path = Photo.swift; sourceTree = "<group>"; };
		4AC95E0725D7EDAE009E3B41 /* DetailViewController.swift */ = {isa = PBXFileReference; lastKnownFileType = sourcecode.swift; path = DetailViewController.swift; sourceTree = "<group>"; };
/* End PBXFileReference section */

/* Begin PBXFrameworksBuildPhase section */
		4AC95DE825D7E56C009E3B41 /* Frameworks */ = {
			isa = PBXFrameworksBuildPhase;
			buildActionMask = 2147483647;
			files = (
			);
			runOnlyForDeploymentPostprocessing = 0;
		};
/* End PBXFrameworksBuildPhase section */

/* Begin PBXGroup section */
		4AC95DE225D7E56C009E3B41 = {
			isa = PBXGroup;
			children = (
				4AC95DED25D7E56C009E3B41 /* Challenge 4 */,
				4AC95DEC25D7E56C009E3B41 /* Products */,
			);
			sourceTree = "<group>";
		};
		4AC95DEC25D7E56C009E3B41 /* Products */ = {
			isa = PBXGroup;
			children = (
				4AC95DEB25D7E56C009E3B41 /* Challenge 4.app */,
			);
			name = Products;
			sourceTree = "<group>";
		};
		4AC95DED25D7E56C009E3B41 /* Challenge 4 */ = {
			isa = PBXGroup;
			children = (
				4AC95DEE25D7E56C009E3B41 /* AppDelegate.swift */,
				4AC95DF025D7E56C009E3B41 /* SceneDelegate.swift */,
				4AC95DF225D7E56C009E3B41 /* TableViewContoller.swift */,
				4AC95E0725D7EDAE009E3B41 /* DetailViewController.swift */,
				4AC95E0325D7E826009E3B41 /* Photo.swift */,
				4AC95DF425D7E56C009E3B41 /* Main.storyboard */,
				4AC95DF725D7E570009E3B41 /* Assets.xcassets */,
				4AC95DF925D7E570009E3B41 /* LaunchScreen.storyboard */,
				4AC95DFC25D7E570009E3B41 /* Info.plist */,
			);
			path = "Challenge 4";
			sourceTree = "<group>";
		};
/* End PBXGroup section */

/* Begin PBXNativeTarget section */
		4AC95DEA25D7E56C009E3B41 /* Challenge 4 */ = {
			isa = PBXNativeTarget;
			buildConfigurationList = 4AC95DFF25D7E570009E3B41 /* Build configuration list for PBXNativeTarget "Challenge 4" */;
			buildPhases = (
				4AC95DE725D7E56C009E3B41 /* Sources */,
				4AC95DE825D7E56C009E3B41 /* Frameworks */,
				4AC95DE925D7E56C009E3B41 /* Resources */,
			);
			buildRules = (
			);
			dependencies = (
			);
			name = "Challenge 4";
			productName = "Challenge 4";
			productReference = 4AC95DEB25D7E56C009E3B41 /* Challenge 4.app */;
			productType = "com.apple.product-type.application";
		};
/* End PBXNativeTarget section */

/* Begin PBXProject section */
		4AC95DE325D7E56C009E3B41 /* Project object */ = {
			isa = PBXProject;
			attributes = {
				LastSwiftUpdateCheck = 1240;
				LastUpgradeCheck = 1240;
				TargetAttributes = {
					4AC95DEA25D7E56C009E3B41 = {
						CreatedOnToolsVersion = 12.4;
					};
				};
			};
			buildConfigurationList = 4AC95DE625D7E56C009E3B41 /* Build configuration list for PBXProject "Challenge 4" */;
			compatibilityVersion = "Xcode 9.3";
			developmentRegion = en;
			hasScannedForEncodings = 0;
			knownRegions = (
				en,
				Base,
			);
			mainGroup = 4AC95DE225D7E56C009E3B41;
			productRefGroup = 4AC95DEC25D7E56C009E3B41 /* Products */;
			projectDirPath = "";
			projectRoot = "";
			targets = (
				4AC95DEA25D7E56C009E3B41 /* Challenge 4 */,
			);
		};
/* End PBXProject section */

/* Begin PBXResourcesBuildPhase section */
		4AC95DE925D7E56C009E3B41 /* Resources */ = {
			isa = PBXResourcesBuildPhase;
			buildActionMask = 2147483647;
			files = (
				4AC95DFB25D7E570009E3B41 /* LaunchScreen.storyboard in Resources */,
				4AC95DF825D7E570009E3B41 /* Assets.xcassets in Resources */,
				4AC95DF625D7E56C009E3B41 /* Main.storyboard in Resources */,
			);
			runOnlyForDeploymentPostprocessing = 0;
		};
/* End PBXResourcesBuildPhase section */

/* Begin PBXSourcesBuildPhase section */
		4AC95DE725D7E56C009E3B41 /* Sources */ = {
			isa = PBXSourcesBuildPhase;
			buildActionMask = 2147483647;
			files = (
				4AC95E0425D7E826009E3B41 /* Photo.swift in Sources */,
				4AC95DF325D7E56C009E3B41 /* TableViewContoller.swift in Sources */,
				4AC95E0825D7EDAE009E3B41 /* DetailViewController.swift in Sources */,
				4AC95DEF25D7E56C009E3B41 /* AppDelegate.swift in Sources */,
				4AC95DF125D7E56C009E3B41 /* SceneDelegate.swift in Sources */,
			);
			runOnlyForDeploymentPostprocessing = 0;
		};
/* End PBXSourcesBuildPhase section */

/* Begin PBXVariantGroup section */
		4AC95DF425D7E56C009E3B41 /* Main.storyboard */ = {
			isa = PBXVariantGroup;
			children = (
				4AC95DF525D7E56C009E3B41 /* Base */,
			);
			name = Main.storyboard;
			sourceTree = "<group>";
		};
		4AC95DF925D7E570009E3B41 /* LaunchScreen.storyboard */ = {
			isa = PBXVariantGroup;
			children = (
				4AC95DFA25D7E570009E3B41 /* Base */,
			);
			name = LaunchScreen.storyboard;
			sourceTree = "<group>";
		};
/* End PBXVariantGroup section */

/* Begin XCBuildConfiguration section */
		4AC95DFD25D7E570009E3B41 /* Debug */ = {
			isa = XCBuildConfiguration;
			buildSettings = {
				ALWAYS_SEARCH_USER_PATHS = NO;
				CLANG_ANALYZER_NONNULL = YES;
				CLANG_ANALYZER_NUMBER_OBJECT_CONVERSION = YES_AGGRESSIVE;
				CLANG_CXX_LANGUAGE_STANDARD = "gnu++14";
				CLANG_CXX_LIBRARY = "libc++";
				CLANG_ENABLE_MODULES = YES;
				CLANG_ENABLE_OBJC_ARC = YES;
				CLANG_ENABLE_OBJC_WEAK = YES;
				CLANG_WARN_BLOCK_CAPTURE_AUTORELEASING = YES;
				CLANG_WARN_BOOL_CONVERSION = YES;
				CLANG_WARN_COMMA = YES;
				CLANG_WARN_CONSTANT_CONVERSION = YES;
				CLANG_WARN_DEPRECATED_OBJC_IMPLEMENTATIONS = YES;
				CLANG_WARN_DIRECT_OBJC_ISA_USAGE = YES_ERROR;
				CLANG_WARN_DOCUMENTATION_COMMENTS = YES;
				CLANG_WARN_EMPTY_BODY = YES;
				CLANG_WARN_ENUM_CONVERSION = YES;
				CLANG_WARN_INFINITE_RECURSION = YES;
				CLANG_WARN_INT_CONVERSION = YES;
				CLANG_WARN_NON_LITERAL_NULL_CONVERSION = YES;
				CLANG_WARN_OBJC_IMPLICIT_RETAIN_SELF = YES;
				CLANG_WARN_OBJC_LITERAL_CONVERSION = YES;
				CLANG_WARN_OBJC_ROOT_CLASS = YES_ERROR;
				CLANG_WARN_QUOTED_INCLUDE_IN_FRAMEWORK_HEADER = YES;
				CLANG_WARN_RANGE_LOOP_ANALYSIS = YES;
				CLANG_WARN_STRICT_PROTOTYPES = YES;
				CLANG_WARN_SUSPICIOUS_MOVE = YES;
				CLANG_WARN_UNGUARDED_AVAILABILITY = YES_AGGRESSIVE;
				CLANG_WARN_UNREACHABLE_CODE = YES;
				CLANG_WARN__DUPLICATE_METHOD_MATCH = YES;
				COPY_PHASE_STRIP = NO;
				DEBUG_INFORMATION_FORMAT = dwarf;
				ENABLE_STRICT_OBJC_MSGSEND = YES;
				ENABLE_TESTABILITY = YES;
				GCC_C_LANGUAGE_STANDARD = gnu11;
				GCC_DYNAMIC_NO_PIC = NO;
				GCC_NO_COMMON_BLOCKS = YES;
				GCC_OPTIMIZATION_LEVEL = 0;
				GCC_PREPROCESSOR_DEFINITIONS = (
					"DEBUG=1",
					"$(inherited)",
				);
				GCC_WARN_64_TO_32_BIT_CONVERSION = YES;
				GCC_WARN_ABOUT_RETURN_TYPE = YES_ERROR;
				GCC_WARN_UNDECLARED_SELECTOR = YES;
				GCC_WARN_UNINITIALIZED_AUTOS = YES_AGGRESSIVE;
				GCC_WARN_UNUSED_FUNCTION = YES;
				GCC_WARN_UNUSED_VARIABLE = YES;
				IPHONEOS_DEPLOYMENT_TARGET = 14.4;
				MTL_ENABLE_DEBUG_INFO = INCLUDE_SOURCE;
				MTL_FAST_MATH = YES;
				ONLY_ACTIVE_ARCH = YES;
				SDKROOT = iphoneos;
				SWIFT_ACTIVE_COMPILATION_CONDITIONS = DEBUG;
				SWIFT_OPTIMIZATION_LEVEL = "-Onone";
			};
			name = Debug;
		};
		4AC95DFE25D7E570009E3B41 /* Release */ = {
			isa = XCBuildConfiguration;
			buildSettings = {
				ALWAYS_SEARCH_USER_PATHS = NO;
				CLANG_ANALYZER_NONNULL = YES;
				CLANG_ANALYZER_NUMBER_OBJECT_CONVERSION = YES_AGGRESSIVE;
				CLANG_CXX_LANGUAGE_STANDARD = "gnu++14";
				CLANG_CXX_LIBRARY = "libc++";
				CLANG_ENABLE_MODULES = YES;
				CLANG_ENABLE_OBJC_ARC = YES;
				CLANG_ENABLE_OBJC_WEAK = YES;
				CLANG_WARN_BLOCK_CAPTURE_AUTORELEASING = YES;
				CLANG_WARN_BOOL_CONVERSION = YES;
				CLANG_WARN_COMMA = YES;
				CLANG_WARN_CONSTANT_CONVERSION = YES;
				CLANG_WARN_DEPRECATED_OBJC_IMPLEMENTATIONS = YES;
				CLANG_WARN_DIRECT_OBJC_ISA_USAGE = YES_ERROR;
				CLANG_WARN_DOCUMENTATION_COMMENTS = YES;
				CLANG_WARN_EMPTY_BODY = YES;
				CLANG_WARN_ENUM_CONVERSION = YES;
				CLANG_WARN_INFINITE_RECURSION = YES;
				CLANG_WARN_INT_CONVERSION = YES;
				CLANG_WARN_NON_LITERAL_NULL_CONVERSION = YES;
				CLANG_WARN_OBJC_IMPLICIT_RETAIN_SELF = YES;
				CLANG_WARN_OBJC_LITERAL_CONVERSION = YES;
				CLANG_WARN_OBJC_ROOT_CLASS = YES_ERROR;
				CLANG_WARN_QUOTED_INCLUDE_IN_FRAMEWORK_HEADER = YES;
				CLANG_WARN_RANGE_LOOP_ANALYSIS = YES;
				CLANG_WARN_STRICT_PROTOTYPES = YES;
				CLANG_WARN_SUSPICIOUS_MOVE = YES;
				CLANG_WARN_UNGUARDED_AVAILABILITY = YES_AGGRESSIVE;
				CLANG_WARN_UNREACHABLE_CODE = YES;
				CLANG_WARN__DUPLICATE_METHOD_MATCH = YES;
				COPY_PHASE_STRIP = NO;
				DEBUG_INFORMATION_FORMAT = "dwarf-with-dsym";
				ENABLE_NS_ASSERTIONS = NO;
				ENABLE_STRICT_OBJC_MSGSEND = YES;
				GCC_C_LANGUAGE_STANDARD = gnu11;
				GCC_NO_COMMON_BLOCKS = YES;
				GCC_WARN_64_TO_32_BIT_CONVERSION = YES;
				GCC_WARN_ABOUT_RETURN_TYPE = YES_ERROR;
				GCC_WARN_UNDECLARED_SELECTOR = YES;
				GCC_WARN_UNINITIALIZED_AUTOS = YES_AGGRESSIVE;
				GCC_WARN_UNUSED_FUNCTION = YES;
				GCC_WARN_UNUSED_VARIABLE = YES;
				IPHONEOS_DEPLOYMENT_TARGET = 14.4;
				MTL_ENABLE_DEBUG_INFO = NO;
				MTL_FAST_MATH = YES;
				SDKROOT = iphoneos;
				SWIFT_COMPILATION_MODE = wholemodule;
				SWIFT_OPTIMIZATION_LEVEL = "-O";
				VALIDATE_PRODUCT = YES;
			};
			name = Release;
		};
		4AC95E0025D7E570009E3B41 /* Debug */ = {
			isa = XCBuildConfiguration;
			buildSettings = {
				ASSETCATALOG_COMPILER_APPICON_NAME = AppIcon;
				ASSETCATALOG_COMPILER_GLOBAL_ACCENT_COLOR_NAME = AccentColor;
				CODE_SIGN_STYLE = Automatic;
				DEVELOPMENT_TEAM = DYGZF839P8;
				INFOPLIST_FILE = "Challenge 4/Info.plist";
				LD_RUNPATH_SEARCH_PATHS = (
					"$(inherited)",
					"@executable_path/Frameworks",
				);
				PRODUCT_BUNDLE_IDENTIFIER = "com.volodymyrkhuda.Challenge-4";
				PRODUCT_NAME = "$(TARGET_NAME)";
				SWIFT_VERSION = 5.0;
				TARGETED_DEVICE_FAMILY = "1,2";
			};
			name = Debug;
		};
		4AC95E0125D7E570009E3B41 /* Release */ = {
			isa = XCBuildConfiguration;
			buildSettings = {
				ASSETCATALOG_COMPILER_APPICON_NAME = AppIcon;
				ASSETCATALOG_COMPILER_GLOBAL_ACCENT_COLOR_NAME = AccentColor;
				CODE_SIGN_STYLE = Automatic;
				DEVELOPMENT_TEAM = DYGZF839P8;
				INFOPLIST_FILE = "Challenge 4/Info.plist";
				LD_RUNPATH_SEARCH_PATHS = (
					"$(inherited)",
					"@executable_path/Frameworks",
				);
				PRODUCT_BUNDLE_IDENTIFIER = "com.volodymyrkhuda.Challenge-4";
				PRODUCT_NAME = "$(TARGET_NAME)";
				SWIFT_VERSION = 5.0;
				TARGETED_DEVICE_FAMILY = "1,2";
			};
			name = Release;
		};
/* End XCBuildConfiguration section */

/* Begin XCConfigurationList section */
		4AC95DE625D7E56C009E3B41 /* Build configuration list for PBXProject "Challenge 4" */ = {
			isa = XCConfigurationList;
			buildConfigurations = (
				4AC95DFD25D7E570009E3B41 /* Debug */,
				4AC95DFE25D7E570009E3B41 /* Release */,
			);
			defaultConfigurationIsVisible = 0;
			defaultConfigurationName = Release;
		};
		4AC95DFF25D7E570009E3B41 /* Build configuration list for PBXNativeTarget "Challenge 4" */ = {
			isa = XCConfigurationList;
			buildConfigurations = (
				4AC95E0025D7E570009E3B41 /* Debug */,
				4AC95E0125D7E570009E3B41 /* Release */,
			);
			defaultConfigurationIsVisible = 0;
			defaultConfigurationName = Release;
		};
/* End XCConfigurationList section */
	};
	rootObject = 4AC95DE325D7E56C009E3B41 /* Project object */;
}
