// !$*UTF8*$!
{
	archiveVersion = 1;
	classes = {
	};
	objectVersion = 50;
	objects = {

/* Begin PBXBuildFile section */
		4A8CC5E825EF9DA10057AE8C /* AppDelegate.swift in Sources */ = {isa = PBXBuildFile; fileRef = 4A8CC5E725EF9DA10057AE8C /* AppDelegate.swift */; };
		4A8CC5EA25EF9DA10057AE8C /* GameScene.sks in Resources */ = {isa = PBXBuildFile; fileRef = 4A8CC5E925EF9DA10057AE8C /* GameScene.sks */; };
		4A8CC5EE25EF9DA10057AE8C /* GameScene.swift in Sources */ = {isa = PBXBuildFile; fileRef = 4A8CC5ED25EF9DA10057AE8C /* GameScene.swift */; };
		4A8CC5F025EF9DA10057AE8C /* GameViewController.swift in Sources */ = {isa = PBXBuildFile; fileRef = 4A8CC5EF25EF9DA10057AE8C /* GameViewController.swift */; };
		4A8CC5F325EF9DA10057AE8C /* Main.storyboard in Resources */ = {isa = PBXBuildFile; fileRef = 4A8CC5F125EF9DA10057AE8C /* Main.storyboard */; };
		4A8CC5F525EF9DA50057AE8C /* Assets.xcassets in Resources */ = {isa = PBXBuildFile; fileRef = 4A8CC5F425EF9DA50057AE8C /* Assets.xcassets */; };
		4A8CC60225EF9E580057AE8C /* reload.wav in Resources */ = {isa = PBXBuildFile; fileRef = 4A8CC5FF25EF9E580057AE8C /* reload.wav */; };
		4A8CC60325EF9E580057AE8C /* shot.wav in Resources */ = {isa = PBXBuildFile; fileRef = 4A8CC60025EF9E580057AE8C /* shot.wav */; };
		4A8CC60425EF9E580057AE8C /* empty.wav in Resources */ = {isa = PBXBuildFile; fileRef = 4A8CC60125EF9E580057AE8C /* empty.wav */; };
		4A8CC60725EFA35E0057AE8C /* DuckLine.swift in Sources */ = {isa = PBXBuildFile; fileRef = 4A8CC60625EFA35E0057AE8C /* DuckLine.swift */; };
/* End PBXBuildFile section */

/* Begin PBXFileReference section */
		4A8CC5E425EF9DA10057AE8C /* Challenge 6.app */ = {isa = PBXFileReference; explicitFileType = wrapper.application; includeInIndex = 0; path = "Challenge 6.app"; sourceTree = BUILT_PRODUCTS_DIR; };
		4A8CC5E725EF9DA10057AE8C /* AppDelegate.swift */ = {isa = PBXFileReference; lastKnownFileType = sourcecode.swift; path = AppDelegate.swift; sourceTree = "<group>"; };
		4A8CC5E925EF9DA10057AE8C /* GameScene.sks */ = {isa = PBXFileReference; lastKnownFileType = file.sks; path = GameScene.sks; sourceTree = "<group>"; };
		4A8CC5ED25EF9DA10057AE8C /* GameScene.swift */ = {isa = PBXFileReference; lastKnownFileType = sourcecode.swift; path = GameScene.swift; sourceTree = "<group>"; };
		4A8CC5EF25EF9DA10057AE8C /* GameViewController.swift */ = {isa = PBXFileReference; lastKnownFileType = sourcecode.swift; path = GameViewController.swift; sourceTree = "<group>"; };
		4A8CC5F225EF9DA10057AE8C /* Base */ = {isa = PBXFileReference; lastKnownFileType = file.storyboard; name = Base; path = Base.lproj/Main.storyboard; sourceTree = "<group>"; };
		4A8CC5F425EF9DA50057AE8C /* Assets.xcassets */ = {isa = PBXFileReference; lastKnownFileType = folder.assetcatalog; path = Assets.xcassets; sourceTree = "<group>"; };
		4A8CC5F625EF9DA50057AE8C /* Info.plist */ = {isa = PBXFileReference; lastKnownFileType = text.plist.xml; path = Info.plist; sourceTree = "<group>"; };
		4A8CC5FF25EF9E580057AE8C /* reload.wav */ = {isa = PBXFileReference; lastKnownFileType = audio.wav; path = reload.wav; sourceTree = "<group>"; };
		4A8CC60025EF9E580057AE8C /* shot.wav */ = {isa = PBXFileReference; lastKnownFileType = audio.wav; path = shot.wav; sourceTree = "<group>"; };
		4A8CC60125EF9E580057AE8C /* empty.wav */ = {isa = PBXFileReference; lastKnownFileType = audio.wav; path = empty.wav; sourceTree = "<group>"; };
		4A8CC60625EFA35E0057AE8C /* DuckLine.swift */ = {isa = PBXFileReference; lastKnownFileType = sourcecode.swift; path = DuckLine.swift; sourceTree = "<group>"; };
/* End PBXFileReference section */

/* Begin PBXFrameworksBuildPhase section */
		4A8CC5E125EF9DA10057AE8C /* Frameworks */ = {
			isa = PBXFrameworksBuildPhase;
			buildActionMask = 2147483647;
			files = (
			);
			runOnlyForDeploymentPostprocessing = 0;
		};
/* End PBXFrameworksBuildPhase section */

/* Begin PBXGroup section */
		4A8CC5DB25EF9DA10057AE8C = {
			isa = PBXGroup;
			children = (
				4A8CC5E625EF9DA10057AE8C /* Challenge 6 */,
				4A8CC5E525EF9DA10057AE8C /* Products */,
			);
			sourceTree = "<group>";
		};
		4A8CC5E525EF9DA10057AE8C /* Products */ = {
			isa = PBXGroup;
			children = (
				4A8CC5E425EF9DA10057AE8C /* Challenge 6.app */,
			);
			name = Products;
			sourceTree = "<group>";
		};
		4A8CC5E625EF9DA10057AE8C /* Challenge 6 */ = {
			isa = PBXGroup;
			children = (
				4A8CC5E725EF9DA10057AE8C /* AppDelegate.swift */,
				4A8CC5E925EF9DA10057AE8C /* GameScene.sks */,
				4A8CC5ED25EF9DA10057AE8C /* GameScene.swift */,
				4A8CC60625EFA35E0057AE8C /* DuckLine.swift */,
				4A8CC5EF25EF9DA10057AE8C /* GameViewController.swift */,
				4A8CC5F125EF9DA10057AE8C /* Main.storyboard */,
				4A8CC5F425EF9DA50057AE8C /* Assets.xcassets */,
				4A8CC5F625EF9DA50057AE8C /* Info.plist */,
				4A8CC60125EF9E580057AE8C /* empty.wav */,
				4A8CC5FF25EF9E580057AE8C /* reload.wav */,
				4A8CC60025EF9E580057AE8C /* shot.wav */,
			);
			path = "Challenge 6";
			sourceTree = "<group>";
		};
/* End PBXGroup section */

/* Begin PBXNativeTarget section */
		4A8CC5E325EF9DA10057AE8C /* Challenge 6 */ = {
			isa = PBXNativeTarget;
			buildConfigurationList = 4A8CC5F925EF9DA50057AE8C /* Build configuration list for PBXNativeTarget "Challenge 6" */;
			buildPhases = (
				4A8CC5E025EF9DA10057AE8C /* Sources */,
				4A8CC5E125EF9DA10057AE8C /* Frameworks */,
				4A8CC5E225EF9DA10057AE8C /* Resources */,
			);
			buildRules = (
			);
			dependencies = (
			);
			name = "Challenge 6";
			productName = "Challenge 6";
			productReference = 4A8CC5E425EF9DA10057AE8C /* Challenge 6.app */;
			productType = "com.apple.product-type.application";
		};
/* End PBXNativeTarget section */

/* Begin PBXProject section */
		4A8CC5DC25EF9DA10057AE8C /* Project object */ = {
			isa = PBXProject;
			attributes = {
				LastSwiftUpdateCheck = 1240;
				LastUpgradeCheck = 1240;
				TargetAttributes = {
					4A8CC5E325EF9DA10057AE8C = {
						CreatedOnToolsVersion = 12.4;
					};
				};
			};
			buildConfigurationList = 4A8CC5DF25EF9DA10057AE8C /* Build configuration list for PBXProject "Challenge 6" */;
			compatibilityVersion = "Xcode 9.3";
			developmentRegion = en;
			hasScannedForEncodings = 0;
			knownRegions = (
				en,
				Base,
			);
			mainGroup = 4A8CC5DB25EF9DA10057AE8C;
			productRefGroup = 4A8CC5E525EF9DA10057AE8C /* Products */;
			projectDirPath = "";
			projectRoot = "";
			targets = (
				4A8CC5E325EF9DA10057AE8C /* Challenge 6 */,
			);
		};
/* End PBXProject section */

/* Begin PBXResourcesBuildPhase section */
		4A8CC5E225EF9DA10057AE8C /* Resources */ = {
			isa = PBXResourcesBuildPhase;
			buildActionMask = 2147483647;
			files = (
				4A8CC60325EF9E580057AE8C /* shot.wav in Resources */,
				4A8CC5F325EF9DA10057AE8C /* Main.storyboard in Resources */,
				4A8CC60425EF9E580057AE8C /* empty.wav in Resources */,
				4A8CC60225EF9E580057AE8C /* reload.wav in Resources */,
				4A8CC5EA25EF9DA10057AE8C /* GameScene.sks in Resources */,
				4A8CC5F525EF9DA50057AE8C /* Assets.xcassets in Resources */,
			);
			runOnlyForDeploymentPostprocessing = 0;
		};
/* End PBXResourcesBuildPhase section */

/* Begin PBXSourcesBuildPhase section */
		4A8CC5E025EF9DA10057AE8C /* Sources */ = {
			isa = PBXSourcesBuildPhase;
			buildActionMask = 2147483647;
			files = (
				4A8CC60725EFA35E0057AE8C /* DuckLine.swift in Sources */,
				4A8CC5EE25EF9DA10057AE8C /* GameScene.swift in Sources */,
				4A8CC5F025EF9DA10057AE8C /* GameViewController.swift in Sources */,
				4A8CC5E825EF9DA10057AE8C /* AppDelegate.swift in Sources */,
			);
			runOnlyForDeploymentPostprocessing = 0;
		};
/* End PBXSourcesBuildPhase section */

/* Begin PBXVariantGroup section */
		4A8CC5F125EF9DA10057AE8C /* Main.storyboard */ = {
			isa = PBXVariantGroup;
			children = (
				4A8CC5F225EF9DA10057AE8C /* Base */,
			);
			name = Main.storyboard;
			sourceTree = "<group>";
		};
/* End PBXVariantGroup section */

/* Begin XCBuildConfiguration section */
		4A8CC5F725EF9DA50057AE8C /* Debug */ = {
			isa = XCBuildConfiguration;
			buildSettings = {
				ALWAYS_SEARCH_USER_PATHS = NO;
				CLANG_ANALYZER_NONNULL = YES;
				CLANG_ANALYZER_NUMBER_OBJECT_CONVERSION = YES_AGGRESSIVE;
				CLANG_CXX_LANGUAGE_STANDARD = "gnu++14";
				CLANG_CXX_LIBRARY = "libc++";
				CLANG_ENABLE_MODULES = YES;
				CLANG_ENABLE_OBJC_ARC = YES;
				CLANG_ENABLE_OBJC_WEAK = YES;
				CLANG_WARN_BLOCK_CAPTURE_AUTORELEASING = YES;
				CLANG_WARN_BOOL_CONVERSION = YES;
				CLANG_WARN_COMMA = YES;
				CLANG_WARN_CONSTANT_CONVERSION = YES;
				CLANG_WARN_DEPRECATED_OBJC_IMPLEMENTATIONS = YES;
				CLANG_WARN_DIRECT_OBJC_ISA_USAGE = YES_ERROR;
				CLANG_WARN_DOCUMENTATION_COMMENTS = YES;
				CLANG_WARN_EMPTY_BODY = YES;
				CLANG_WARN_ENUM_CONVERSION = YES;
				CLANG_WARN_INFINITE_RECURSION = YES;
				CLANG_WARN_INT_CONVERSION = YES;
				CLANG_WARN_NON_LITERAL_NULL_CONVERSION = YES;
				CLANG_WARN_OBJC_IMPLICIT_RETAIN_SELF = YES;
				CLANG_WARN_OBJC_LITERAL_CONVERSION = YES;
				CLANG_WARN_OBJC_ROOT_CLASS = YES_ERROR;
				CLANG_WARN_QUOTED_INCLUDE_IN_FRAMEWORK_HEADER = YES;
				CLANG_WARN_RANGE_LOOP_ANALYSIS = YES;
				CLANG_WARN_STRICT_PROTOTYPES = YES;
				CLANG_WARN_SUSPICIOUS_MOVE = YES;
				CLANG_WARN_UNGUARDED_AVAILABILITY = YES_AGGRESSIVE;
				CLANG_WARN_UNREACHABLE_CODE = YES;
				CLANG_WARN__DUPLICATE_METHOD_MATCH = YES;
				COPY_PHASE_STRIP = NO;
				DEBUG_INFORMATION_FORMAT = dwarf;
				ENABLE_STRICT_OBJC_MSGSEND = YES;
				ENABLE_TESTABILITY = YES;
				GCC_C_LANGUAGE_STANDARD = gnu11;
				GCC_DYNAMIC_NO_PIC = NO;
				GCC_NO_COMMON_BLOCKS = YES;
				GCC_OPTIMIZATION_LEVEL = 0;
				GCC_PREPROCESSOR_DEFINITIONS = (
					"DEBUG=1",
					"$(inherited)",
				);
				GCC_WARN_64_TO_32_BIT_CONVERSION = YES;
				GCC_WARN_ABOUT_RETURN_TYPE = YES_ERROR;
				GCC_WARN_UNDECLARED_SELECTOR = YES;
				GCC_WARN_UNINITIALIZED_AUTOS = YES_AGGRESSIVE;
				GCC_WARN_UNUSED_FUNCTION = YES;
				GCC_WARN_UNUSED_VARIABLE = YES;
				IPHONEOS_DEPLOYMENT_TARGET = 14.4;
				MTL_ENABLE_DEBUG_INFO = INCLUDE_SOURCE;
				MTL_FAST_MATH = YES;
				ONLY_ACTIVE_ARCH = YES;
				SDKROOT = iphoneos;
				SWIFT_ACTIVE_COMPILATION_CONDITIONS = DEBUG;
				SWIFT_OPTIMIZATION_LEVEL = "-Onone";
			};
			name = Debug;
		};
		4A8CC5F825EF9DA50057AE8C /* Release */ = {
			isa = XCBuildConfiguration;
			buildSettings = {
				ALWAYS_SEARCH_USER_PATHS = NO;
				CLANG_ANALYZER_NONNULL = YES;
				CLANG_ANALYZER_NUMBER_OBJECT_CONVERSION = YES_AGGRESSIVE;
				CLANG_CXX_LANGUAGE_STANDARD = "gnu++14";
				CLANG_CXX_LIBRARY = "libc++";
				CLANG_ENABLE_MODULES = YES;
				CLANG_ENABLE_OBJC_ARC = YES;
				CLANG_ENABLE_OBJC_WEAK = YES;
				CLANG_WARN_BLOCK_CAPTURE_AUTORELEASING = YES;
				CLANG_WARN_BOOL_CONVERSION = YES;
				CLANG_WARN_COMMA = YES;
				CLANG_WARN_CONSTANT_CONVERSION = YES;
				CLANG_WARN_DEPRECATED_OBJC_IMPLEMENTATIONS = YES;
				CLANG_WARN_DIRECT_OBJC_ISA_USAGE = YES_ERROR;
				CLANG_WARN_DOCUMENTATION_COMMENTS = YES;
				CLANG_WARN_EMPTY_BODY = YES;
				CLANG_WARN_ENUM_CONVERSION = YES;
				CLANG_WARN_INFINITE_RECURSION = YES;
				CLANG_WARN_INT_CONVERSION = YES;
				CLANG_WARN_NON_LITERAL_NULL_CONVERSION = YES;
				CLANG_WARN_OBJC_IMPLICIT_RETAIN_SELF = YES;
				CLANG_WARN_OBJC_LITERAL_CONVERSION = YES;
				CLANG_WARN_OBJC_ROOT_CLASS = YES_ERROR;
				CLANG_WARN_QUOTED_INCLUDE_IN_FRAMEWORK_HEADER = YES;
				CLANG_WARN_RANGE_LOOP_ANALYSIS = YES;
				CLANG_WARN_STRICT_PROTOTYPES = YES;
				CLANG_WARN_SUSPICIOUS_MOVE = YES;
				CLANG_WARN_UNGUARDED_AVAILABILITY = YES_AGGRESSIVE;
				CLANG_WARN_UNREACHABLE_CODE = YES;
				CLANG_WARN__DUPLICATE_METHOD_MATCH = YES;
				COPY_PHASE_STRIP = NO;
				DEBUG_INFORMATION_FORMAT = "dwarf-with-dsym";
				ENABLE_NS_ASSERTIONS = NO;
				ENABLE_STRICT_OBJC_MSGSEND = YES;
				GCC_C_LANGUAGE_STANDARD = gnu11;
				GCC_NO_COMMON_BLOCKS = YES;
				GCC_WARN_64_TO_32_BIT_CONVERSION = YES;
				GCC_WARN_ABOUT_RETURN_TYPE = YES_ERROR;
				GCC_WARN_UNDECLARED_SELECTOR = YES;
				GCC_WARN_UNINITIALIZED_AUTOS = YES_AGGRESSIVE;
				GCC_WARN_UNUSED_FUNCTION = YES;
				GCC_WARN_UNUSED_VARIABLE = YES;
				IPHONEOS_DEPLOYMENT_TARGET = 14.4;
				MTL_ENABLE_DEBUG_INFO = NO;
				MTL_FAST_MATH = YES;
				SDKROOT = iphoneos;
				SWIFT_COMPILATION_MODE = wholemodule;
				SWIFT_OPTIMIZATION_LEVEL = "-O";
				VALIDATE_PRODUCT = YES;
			};
			name = Release;
		};
		4A8CC5FA25EF9DA50057AE8C /* Debug */ = {
			isa = XCBuildConfiguration;
			buildSettings = {
				ASSETCATALOG_COMPILER_APPICON_NAME = AppIcon;
				ASSETCATALOG_COMPILER_GLOBAL_ACCENT_COLOR_NAME = AccentColor;
				CODE_SIGN_STYLE = Automatic;
				DEVELOPMENT_TEAM = DYGZF839P8;
				INFOPLIST_FILE = "Challenge 6/Info.plist";
				LD_RUNPATH_SEARCH_PATHS = (
					"$(inherited)",
					"@executable_path/Frameworks",
				);
				PRODUCT_BUNDLE_IDENTIFIER = "com.volodymyrkhuda.Challenge-6";
				PRODUCT_NAME = "$(TARGET_NAME)";
				SWIFT_VERSION = 5.0;
				TARGETED_DEVICE_FAMILY = 2;
			};
			name = Debug;
		};
		4A8CC5FB25EF9DA50057AE8C /* Release */ = {
			isa = XCBuildConfiguration;
			buildSettings = {
				ASSETCATALOG_COMPILER_APPICON_NAME = AppIcon;
				ASSETCATALOG_COMPILER_GLOBAL_ACCENT_COLOR_NAME = AccentColor;
				CODE_SIGN_STYLE = Automatic;
				DEVELOPMENT_TEAM = DYGZF839P8;
				INFOPLIST_FILE = "Challenge 6/Info.plist";
				LD_RUNPATH_SEARCH_PATHS = (
					"$(inherited)",
					"@executable_path/Frameworks",
				);
				PRODUCT_BUNDLE_IDENTIFIER = "com.volodymyrkhuda.Challenge-6";
				PRODUCT_NAME = "$(TARGET_NAME)";
				SWIFT_VERSION = 5.0;
				TARGETED_DEVICE_FAMILY = 2;
			};
			name = Release;
		};
/* End XCBuildConfiguration section */

/* Begin XCConfigurationList section */
		4A8CC5DF25EF9DA10057AE8C /* Build configuration list for PBXProject "Challenge 6" */ = {
			isa = XCConfigurationList;
			buildConfigurations = (
				4A8CC5F725EF9DA50057AE8C /* Debug */,
				4A8CC5F825EF9DA50057AE8C /* Release */,
			);
			defaultConfigurationIsVisible = 0;
			defaultConfigurationName = Release;
		};
		4A8CC5F925EF9DA50057AE8C /* Build configuration list for PBXNativeTarget "Challenge 6" */ = {
			isa = XCConfigurationList;
			buildConfigurations = (
				4A8CC5FA25EF9DA50057AE8C /* Debug */,
				4A8CC5FB25EF9DA50057AE8C /* Release */,
			);
			defaultConfigurationIsVisible = 0;
			defaultConfigurationName = Release;
		};
/* End XCConfigurationList section */
	};
	rootObject = 4A8CC5DC25EF9DA10057AE8C /* Project object */;
}
